{
  "name": "sumnerevans.com",
  "lockfileVersion": 3,
  "requires": true,
  "packages": {
    "": {
      "devDependencies": {
        "@justinribeiro/lite-youtube": "^1.8.2",
        "@types/lunr": "^2.3.7",
        "@types/mark.js": "^8.11.12",
        "lunr": "^2.3.9",
        "mark.js": "^8.11.1"
      }
    },
    "node_modules/@justinribeiro/lite-youtube": {
      "version": "1.8.2",
      "resolved": "https://registry.npmjs.org/@justinribeiro/lite-youtube/-/lite-youtube-1.8.2.tgz",
      "integrity": "sha512-wayU5sYA/e5J/1j7zFk8Hoi72Hk67Axy7Za2OFRzsytd9gvtv7ZeWhmdi2lOGbnXwMZHkeMsqxRGFxH60lo5bg==",
      "dev": true,
      "license": "MIT"
    },
    "node_modules/@types/jquery": {
      "version": "3.5.32",
      "resolved": "https://registry.npmjs.org/@types/jquery/-/jquery-3.5.32.tgz",
      "integrity": "sha512-b9Xbf4CkMqS02YH8zACqN1xzdxc3cO735Qe5AbSUFmyOiaWAbcpqh9Wna+Uk0vgACvoQHpWDg2rGdHkYPLmCiQ==",
      "dev": true,
      "license": "MIT",
      "dependencies": {
        "@types/sizzle": "*"
      }
    },
    "node_modules/@types/lunr": {
      "version": "2.3.7",
      "resolved": "https://registry.npmjs.org/@types/lunr/-/lunr-2.3.7.tgz",
      "integrity": "sha512-Tb/kUm38e8gmjahQzdCKhbdsvQ9/ppzHFfsJ0dMs3ckqQsRj+P5IkSAwFTBrBxdyr3E/LoMUUrZngjDYAjiE3A==",
      "dev": true,
      "license": "MIT"
    },
    "node_modules/@types/mark.js": {
      "version": "8.11.12",
      "resolved": "https://registry.npmjs.org/@types/mark.js/-/mark.js-8.11.12.tgz",
      "integrity": "sha512-244ZnaIBpz4c6xutliAnYVZp6xJlmC569jZqnR3ElO1Y01ooYASSVQEqpd2x0A2UfrgVMs5V9/9tUAdZaDMytQ==",
      "dev": true,
      "license": "MIT",
      "dependencies": {
        "@types/jquery": "*"
      }
    },
    "node_modules/@types/sizzle": {
      "version": "2.3.9",
      "resolved": "https://registry.npmjs.org/@types/sizzle/-/sizzle-2.3.9.tgz",
      "integrity": "sha512-xzLEyKB50yqCUPUJkIsrVvoWNfFUbIZI+RspLWt8u+tIW/BetMBZtgV2LY/2o+tYH8dRvQ+eoPf3NdhQCcLE2w==",
      "dev": true,
      "license": "MIT"
    },
    "node_modules/lunr": {
      "version": "2.3.9",
      "resolved": "https://registry.npmjs.org/lunr/-/lunr-2.3.9.tgz",
      "integrity": "sha512-zTU3DaZaF3Rt9rhN3uBMGQD3dD2/vFQqnvZCDv4dl5iOzq2IZQqTxu90r4E5J+nP70J3ilqVCrbho2eWaeW8Ow==",
      "dev": true,
      "license": "MIT"
    },
    "node_modules/mark.js": {
      "version": "8.11.1",
      "resolved": "https://registry.npmjs.org/mark.js/-/mark.js-8.11.1.tgz",
      "integrity": "sha512-1I+1qpDt4idfgLQG+BNWmrqku+7/2bi5nLf4YwF8y8zXvmfiTBY3PV3ZibfrjBueCByROpuBjLLFCajqkgYoLQ==",
      "dev": true,
      "license": "MIT"
    }
  }
}
